
Microsoft Visual Studio Solution File, Format Version 12.00
# Visual Studio 15
VisualStudioVersion = 15.0.28307.539
MinimumVisualStudioVersion = 10.0.40219.1
Project("{FAE04EC0-301F-11D3-BF4B-00C04F79EFBC}") = "UnitySDK", "UnitySDK.csproj", "{AB38E994-C7FD-4363-A01F-DBEEEE30800F}"
EndProject
Global
	GlobalSection(SolutionConfigurationPlatforms) = preSolution
		Debug|Any CPU = Debug|Any CPU
		Release|Any CPU = Release|Any CPU
	EndGlobalSection
	GlobalSection(ProjectConfigurationPlatforms) = postSolution
		{AB38E994-C7FD-4363-A01F-DBEEEE30800F}.Debug|Any CPU.ActiveCfg = Debug|Any CPU
		{AB38E994-C7FD-4363-A01F-DBEEEE30800F}.Debug|Any CPU.Build.0 = Debug|Any CPU
		{AB38E994-C7FD-4363-A01F-DBEEEE30800F}.Release|Any CPU.ActiveCfg = Release|Any CPU
		{AB38E994-C7FD-4363-A01F-DBEEEE30800F}.Release|Any CPU.Build.0 = Release|Any CPU
	EndGlobalSection
	GlobalSection(SolutionProperties) = preSolution
		HideSolutionNode = FALSE
	EndGlobalSection
	GlobalSection(ExtensibilityGlobals) = postSolution
		SolutionGuid = {6AA83EB6-907B-4E80-A87C-9C83BDC82A8D}
	EndGlobalSection
EndGlobal
